{
  "version": 1,
  "dependencies": {
    "net10.0-windows10.0.26100": {
      "FlaUI.UIA3": {
        "type": "Direct",
        "requested": "[5.0.0, )",
        "resolved": "5.0.0",
        "contentHash": "s1Yy1RsRJ0OXvmtxQlNJd0cu4sfvN3PFFu6skBGK8VlwPl/b38E0V5kCbo2gvkuhRIu4Itfxjdo7DUMF7qJw4Q==",
        "dependencies": {
          "FlaUI.Core": "5.0.0",
          "Interop.UIAutomationClient": "10.19041.0"
        }
      },
      "log4net": {
        "type": "Direct",
        "requested": "[3.3.2, )",
        "resolved": "3.3.2",
        "contentHash": "fwRZAWPkK1zAlxAvn8lhfuHzQV+++F6ReJbimt9QIPwI4s2FSRjCZLgq5e12PTD5ynkPf/zGki6QbJ9LWQTeNg=="
      },
      "Microsoft.ApplicationInsights": {
        "type": "Direct",
        "requested": "[2.23.0, )",
        "resolved": "2.23.0",
        "contentHash": "nWArUZTdU7iqZLycLKWe0TDms48KKGE6pONH2terYNa8REXiqixrMOkf1sk5DHGMaUTqONU2YkS4SAXBhLStgw=="
      },
      "Octokit": {
        "type": "Direct",
        "requested": "[14.0.0, )",
        "resolved": "14.0.0",
        "contentHash": "jGOuTH1l+TCpJH+fwYOp7USzHDuGfN1jKbLz3J2COwyn+wL08eynvpnM6rY2qkzIEXum3PN2p2QkP3BW/p9Qcw=="
      },
      "System.IO.Ports": {
        "type": "Direct",
        "requested": "[10.0.9, )",
        "resolved": "10.0.9",
        "contentHash": "JHijtblIg7c1wCxBtuPjqWK+BxTlO0qTE3Y5PSety2NGkZRL5LFL6JoabbGebmO1PuOtUqlvAc+6hbLvlLSTqQ==",
        "dependencies": {
          "runtime.native.System.IO.Ports": "10.0.9"
        }
      },
      "System.Text.Json": {
        "type": "Direct",
        "requested": "[10.0.9, )",
        "resolved": "10.0.9",
        "contentHash": "mD4f7hUvjXEbLAnROibQswbYguGnfzN17gtkuqAHU1a0gJsqe7LXtV+0tItJsYrCBBpPYHiHFlLtjzG2ZEt5uQ=="
      },
      "Terminal.Gui.Cli": {
        "type": "Direct",
        "requested": "[0.3.0, )",
        "resolved": "0.3.0",
        "contentHash": "q+dnw1IC/ivjG/zR33qdytEhPOlkdqQRfBFyYlHfAnZ6j3Xxf40tDtEPEyqGLb2HZZ0F5+cwy6IekzbLXEeQTQ==",
        "dependencies": {
          "Terminal.Gui": "2.4.3"
        }
      },
      "ColorHelper": {
        "type": "Transitive",
        "resolved": "1.8.1",
        "contentHash": "rblWXd/02TfwJjX53xEfQnbnDRKxCm09VtavV8JaIcmIFWt9efNf6xTQ3WeXgy/she5R31eRTtnizFoUoDrs5w=="
      },
      "FlaUI.Core": {
        "type": "Transitive",
        "resolved": "5.0.0",
        "contentHash": "VWWYqwjsYkii2BrUsz5+bpXEp27NherKhLt19hTxHwJP4KrfyZoeo1FdBov4ZTh655wZAKDGIjR7NJLDesuzeg==",
        "dependencies": {
          "System.Management": "8.0.0"
        }
      },
      "Interop.UIAutomationClient": {
        "type": "Transitive",
        "resolved": "10.19041.0",
        "contentHash": "Me5vKNZ1JSg6txTsPQXaWx7fVNh+fmcUPPwtDKJtqvbMM0N8aoa/l/QPolkJIRnasCabCNt4v2zG4p1Q9HU98A=="
      },
      "JetBrains.Annotations": {
        "type": "Transitive",
        "resolved": "2025.2.4",
        "contentHash": "TwbgxAkXxY+vNEhNVx/QXjJ4vqxmepOjsgRvvImQPbHkHMMb4W+ahL3laMsxXKtNT7iMy+E1B3xkqao2hf1n3A=="
      },
      "Markdig": {
        "type": "Transitive",
        "resolved": "1.1.3",
        "contentHash": "wboYc6YToID7koq+onej7rjd/kv4urZaZ4QMiJoF/jXt/ZlXe2Af9gWG4nOe5tk654UaOPYvKL64iFum7qWEYA=="
      },
      "Microsoft.Extensions.DependencyInjection.Abstractions": {
        "type": "Transitive",
        "resolved": "10.0.7",
        "contentHash": "Z6mfFEaFcwCfSboxJwOLfu7/31npCY9q70WUamHW/vRQhDvBKOT4Vf9YkZj5J6hLvJpb0oDEYfHunQZj0xxvKw=="
      },
      "Microsoft.Extensions.Logging.Abstractions": {
        "type": "Transitive",
        "resolved": "10.0.7",
        "contentHash": "tIEcQ2gvERrH2KiCjdsVcHGhXt9lIsuDStfOIeZWr7/fP8IXhGiYfx0/80PNI7WPO2IYuFtlZLSlnTS8+/Mchw==",
        "dependencies": {
          "Microsoft.Extensions.DependencyInjection.Abstractions": "10.0.7"
        }
      },
      "Onigwrap": {
        "type": "Transitive",
        "resolved": "1.0.10",
        "contentHash": "eujNEpEhCl4UiqHTG0CeG/sWS8v/iYXGqUpaVkgBmYRZp3Utmz/aw38fuFL2rcnhj1FNfHwHaxGDeLY34a3nEA=="
      },
      "runtime.android-arm.runtime.native.System.IO.Ports": {
        "type": "Transitive",
        "resolved": "10.0.9",
        "contentHash": "7QwWCqZ4hRpmSySAFslZD5oFhV8ib/FhO2eGgPrImEI3V8U5P1FtIc5M4pB+5xOBfzW5VzjmItKFezkB8MGDqw=="
      },
      "runtime.android-arm64.runtime.native.System.IO.Ports": {
        "type": "Transitive",
        "resolved": "10.0.9",
        "contentHash": "mOZanUMgwxreyyoZRHaeLbfaevCgaadM4RafsRclY0I+cwV/QbYhzjELYc6C68acd+4z/Fj9zh66u6nu3evP0A=="
      },
      "runtime.android-x64.runtime.native.System.IO.Ports": {
        "type": "Transitive",
        "resolved": "10.0.9",
        "contentHash": "rUvnhurQfEkaduyDlESUgttOjAjMniC38B9IMVfx2480OvBWzhy5vzvcg2WIlTCJErb4sCN+QTzhHBpOYFRoxw=="
      },
      "runtime.android-x86.runtime.native.System.IO.Ports": {
        "type": "Transitive",
        "resolved": "10.0.9",
        "contentHash": "ykG02K8zQqj8VcWfyjsvG9+lT2ODaqjF17Sid2/s7Kgp+ugn9eh4V2FZpzV0qa+JfVH5eohB4JaF7K/XpdTHCQ=="
      },
      "runtime.linux-arm.runtime.native.System.IO.Ports": {
        "type": "Transitive",
        "resolved": "10.0.9",
        "contentHash": "DHRGpEI+51UCQR74jrkA30s7luDaUw3NC4Jp3MNLTnseuCVTRQ5ocbjpApt7mM9quoP7YZKMG+iUA+xJ6yJW8Q=="
      },
      "runtime.linux-arm64.runtime.native.System.IO.Ports": {
        "type": "Transitive",
        "resolved": "10.0.9",
        "contentHash": "G67fx6Vv/z5DFvfa5MiqAa9lONQv0d+WGxICW+Nvp+LNA6iJvv4j6/GTjGXtK44T/n+8sYk9dho7pKtuCoMZWQ=="
      },
      "runtime.linux-bionic-arm64.runtime.native.System.IO.Ports": {
        "type": "Transitive",
        "resolved": "10.0.9",
        "contentHash": "E08Eipi4Iiq3+JV/mpNxS+loN68ZJlrlaHCfiXmUL3Qlcpq9slGXyw5N97v4nL9dzpCIBnLstQEFC32HTpCduw=="
      },
      "runtime.linux-bionic-x64.runtime.native.System.IO.Ports": {
        "type": "Transitive",
        "resolved": "10.0.9",
        "contentHash": "FaATvKgabe3xHU9aYnj2h4Pp4DeY91SwMmHdv4/+Wmzp6fqwGT25xCNBzJ2FOHEdJLNO52raXcL3Xwo2/eLXKg=="
      },
      "runtime.linux-musl-arm.runtime.native.System.IO.Ports": {
        "type": "Transitive",
        "resolved": "10.0.9",
        "contentHash": "OsROr3mGvkb4U/cizz5s3y+Oa8OBjGCCo8QWEmuUEdM40wp0JbWMEwaqOmScxVCZNzobHHfHeuX/o3oTGj3OmA=="
      },
      "runtime.linux-musl-arm64.runtime.native.System.IO.Ports": {
        "type": "Transitive",
        "resolved": "10.0.9",
        "contentHash": "vDGYpx/8dAAMlJccGLCWLaJ20AzASKax33suoHw7s/alEjwYp1mpD6Vso4qbX5QJLonE+lnx3vfB+maKV4CtAA=="
      },
      "runtime.linux-musl-x64.runtime.native.System.IO.Ports": {
        "type": "Transitive",
        "resolved": "10.0.9",
        "contentHash": "JwGn9azjl7+AuwzgEdeJLghTcK8nCqKCf7h/gq7Pzi2HMuv6D2EBzDZpl95qKkdBCT6bsWdv3flZQJZf2uY2ew=="
      },
      "runtime.linux-x64.runtime.native.System.IO.Ports": {
        "type": "Transitive",
        "resolved": "10.0.9",
        "contentHash": "01ppayPym92n42VR74iSt/MNw5UoltX0tQOVvA5P0bUszvtDRPkAM5SEkujIVBs6+kERZ2OgZN8mMDPJKTfh2Q=="
      },
      "runtime.maccatalyst-arm64.runtime.native.System.IO.Ports": {
        "type": "Transitive",
        "resolved": "10.0.9",
        "contentHash": "z9OvFgFoV9jScx7pmjasXvmixG8qK8QdN3fcsP2TptMbfU+/4bz/SKjpgw3MRROJcfiTQWdJE4Cdx4vG86bulA=="
      },
      "runtime.maccatalyst-x64.runtime.native.System.IO.Ports": {
        "type": "Transitive",
        "resolved": "10.0.9",
        "contentHash": "45LNikgDcVaFWkVxUr1h5ZaM6o0LT05TdKzmFI1OnZIEaT4/yWJukrouzsEZfm2kyN05EA/U686HSnuqMS7+6A=="
      },
      "runtime.native.System.IO.Ports": {
        "type": "Transitive",
        "resolved": "10.0.9",
        "contentHash": "PoZf6+MaLVHqj37ozGdAc98w+UtwGLJGqQ4QeKT+qvQaX9EqpKmrhmImoGI68wrkJkRbwGCP1jIsFKpMu4iBKg==",
        "dependencies": {
          "runtime.android-arm.runtime.native.System.IO.Ports": "10.0.9",
          "runtime.android-arm64.runtime.native.System.IO.Ports": "10.0.9",
          "runtime.android-x64.runtime.native.System.IO.Ports": "10.0.9",
          "runtime.android-x86.runtime.native.System.IO.Ports": "10.0.9",
          "runtime.linux-arm.runtime.native.System.IO.Ports": "10.0.9",
          "runtime.linux-arm64.runtime.native.System.IO.Ports": "10.0.9",
          "runtime.linux-bionic-arm64.runtime.native.System.IO.Ports": "10.0.9",
          "runtime.linux-bionic-x64.runtime.native.System.IO.Ports": "10.0.9",
          "runtime.linux-musl-arm.runtime.native.System.IO.Ports": "10.0.9",
          "runtime.linux-musl-arm64.runtime.native.System.IO.Ports": "10.0.9",
          "runtime.linux-musl-x64.runtime.native.System.IO.Ports": "10.0.9",
          "runtime.linux-x64.runtime.native.System.IO.Ports": "10.0.9",
          "runtime.maccatalyst-arm64.runtime.native.System.IO.Ports": "10.0.9",
          "runtime.maccatalyst-x64.runtime.native.System.IO.Ports": "10.0.9",
          "runtime.osx-arm64.runtime.native.System.IO.Ports": "10.0.9",
          "runtime.osx-x64.runtime.native.System.IO.Ports": "10.0.9"
        }
      },
      "runtime.osx-arm64.runtime.native.System.IO.Ports": {
        "type": "Transitive",
        "resolved": "10.0.9",
        "contentHash": "fW857DfzCX6QsEuVH1/WohiHh1BphhHcGsjpLX5h3sgm0Y67QVWijykrJSZC4Ct9Gfm40pfmSo+L53deIQ9MZQ=="
      },
      "runtime.osx-x64.runtime.native.System.IO.Ports": {
        "type": "Transitive",
        "resolved": "10.0.9",
        "contentHash": "Ugf+Hlb6dJB1tXLZqU/q4iXclQ/lojiJWtLCFqmRiE2bXA8fOnUHz9U40dJxHdqPO9BEyfzWEliRCUtZCblNmQ=="
      },
      "System.IO.Abstractions": {
        "type": "Transitive",
        "resolved": "22.1.1",
        "contentHash": "nm4sNhAoN1NyiIVT6MS3EEzNjnir3PC1HE0mKGGUFg6RBW1HmRvWKuRDPkij1etOoQkpyIFmjVGcM6TpBGF3qQ==",
        "dependencies": {
          "TestableIO.System.IO.Abstractions": "22.1.1",
          "TestableIO.System.IO.Abstractions.Wrappers": "22.1.1"
        }
      },
      "System.Management": {
        "type": "Transitive",
        "resolved": "8.0.0",
        "contentHash": "jrK22i5LRzxZCfGb+tGmke2VH7oE0DvcDlJ1HAKYU8cPmD8XnpUT0bYn2Gy98GEhGjtfbR/sxKTVb+dE770pfA=="
      },
      "Terminal.Gui": {
        "type": "Transitive",
        "resolved": "2.4.3",
        "contentHash": "SjfvLpdF1zOWgIHmVANj4QZC4E88UIHAo1cmfciGl9IsUkYs7JqDn8xfeD5cM2gsgRMJkObjBGqFECuOY8coaQ==",
        "dependencies": {
          "ColorHelper": "1.8.1",
          "JetBrains.Annotations": "2025.2.4",
          "Markdig": "1.1.3",
          "Microsoft.Extensions.Logging.Abstractions": "10.0.7",
          "System.IO.Abstractions": "22.1.1",
          "TextMateSharp": "2.0.3",
          "TextMateSharp.Grammars": "2.0.3",
          "Wcwidth": "4.0.1"
        }
      },
      "TestableIO.System.IO.Abstractions": {
        "type": "Transitive",
        "resolved": "22.1.1",
        "contentHash": "EJmXIKfwvJHvSHWP+NjA213avUdofV4SmBx2aWxc3SzPkrHHVKxUMC3fSa/epzk/SVITwuU2EAntgQTvobAqwQ==",
        "dependencies": {
          "Testably.Abstractions.FileSystem.Interface": "10.1.0"
        }
      },
      "TestableIO.System.IO.Abstractions.Wrappers": {
        "type": "Transitive",
        "resolved": "22.1.1",
        "contentHash": "J91zmSwuMY75ybtkqAFMC3vDNMkLJ/kiDDLhORITEwTKNhEwEYfxAQGv+f0jGYZg/H0YbnGcx5Ky0FgFJwrrWQ==",
        "dependencies": {
          "Testably.Abstractions.FileSystem.Interface": "10.1.0"
        }
      },
      "Testably.Abstractions.FileSystem.Interface": {
        "type": "Transitive",
        "resolved": "10.1.0",
        "contentHash": "0R+m7DvS2QuDcFOfDGtyGErRrgXOl4/z2tbNLX2RfvlYJjlVcKG+wMIBfZO8vxGtTNwNxffTG4ibFRwd0jkM7w=="
      },
      "TextMateSharp": {
        "type": "Transitive",
        "resolved": "2.0.3",
        "contentHash": "w0wGeqlBi9SYrzxpS1DBcEfiVCs5NY18Yl5YBIsHzXTXQd0OLOh3mP4LRuFvcktR/1MG8nSBHSMJj0rFvrPk+A==",
        "dependencies": {
          "Onigwrap": "1.0.10"
        }
      },
      "TextMateSharp.Grammars": {
        "type": "Transitive",
        "resolved": "2.0.3",
        "contentHash": "qkI1ogusuyGCGTgeyhljDM+GEfATOexoUTqLIgSb5P0ojmfhRXWfSTRXXJRpZkLDErShJ7RWOb+p10lHfhhO+Q==",
        "dependencies": {
          "TextMateSharp": "2.0.3"
        }
      },
      "Wcwidth": {
        "type": "Transitive",
        "resolved": "4.0.1",
        "contentHash": "PMU8u3pGf9nUkee39KMrB8qqId7u7kyGWaZpOh9E4Mal3xChq+relS/hHQOicGAswyzi7F5DjXjac0mTnRBX8Q=="
      }
    }
  }
}